Microsoft Visual Studio Solution File, Format Version 12.00
# Visual Studio Version 17
VisualStudioVersion = 17.5.2.0
MinimumVisualStudioVersion = 10.0.40219.1
Project("{FAE04EC0-301F-11D3-BF4B-00C04F79EFBC}") = "VSMatch", "VSMatch.csproj", "{7FD43BC6-7577-F9A9-4AE0-53B3C42F3B51}"
EndProject
Global
	GlobalSection(SolutionConfigurationPlatforms) = preSolution
		Debug|Any CPU = Debug|Any CPU
		Release|Any CPU = Release|Any CPU
	EndGlobalSection
	GlobalSection(ProjectConfigurationPlatforms) = postSolution
		{7FD43BC6-7577-F9A9-4AE0-53B3C42F3B51}.Debug|Any CPU.ActiveCfg = Debug|Any CPU
		{7FD43BC6-7577-F9A9-4AE0-53B3C42F3B51}.Debug|Any CPU.Build.0 = Debug|Any CPU
		{7FD43BC6-7577-F9A9-4AE0-53B3C42F3B51}.Release|Any CPU.ActiveCfg = Release|Any CPU
		{7FD43BC6-7577-F9A9-4AE0-53B3C42F3B51}.Release|Any CPU.Build.0 = Release|Any CPU
	EndGlobalSection
	GlobalSection(SolutionProperties) = preSolution
		HideSolutionNode = FALSE
	EndGlobalSection
	GlobalSection(ExtensibilityGlobals) = postSolution
		SolutionGuid = {3C19778A-3813-47EC-92C0-281B38C815F1}
	EndGlobalSection
EndGlobal
